
Microsoft Visual Studio Solution File, Format Version 12.00
# Visual Studio Version 17
VisualStudioVersion = 17.14.36327.8 d17.14
MinimumVisualStudioVersion = 10.0.40219.1
Project("{F184B08F-C81C-45F6-A57F-5ABD9991F28F}") = "fa3", "fa3\fa3.vbproj", "{C3D4B199-70DA-4C84-8910-D96668FBD272}"
EndProject
Global
	GlobalSection(SolutionConfigurationPlatforms) = preSolution
		Debug|Any CPU = Debug|Any CPU
		Release|Any CPU = Release|Any CPU
	EndGlobalSection
	GlobalSection(ProjectConfigurationPlatforms) = postSolution
		{C3D4B199-70DA-4C84-8910-D96668FBD272}.Debug|Any CPU.ActiveCfg = Debug|Any CPU
		{C3D4B199-70DA-4C84-8910-D96668FBD272}.Debug|Any CPU.Build.0 = Debug|Any CPU
		{C3D4B199-70DA-4C84-8910-D96668FBD272}.Release|Any CPU.ActiveCfg = Release|Any CPU
		{C3D4B199-70DA-4C84-8910-D96668FBD272}.Release|Any CPU.Build.0 = Release|Any CPU
	EndGlobalSection
	GlobalSection(SolutionProperties) = preSolution
		HideSolutionNode = FALSE
	EndGlobalSection
	GlobalSection(ExtensibilityGlobals) = postSolution
		SolutionGuid = {2F0273FF-8BF7-448B-8236-CD05EE31A802}
	EndGlobalSection
EndGlobal
